
Microsoft Visual Studio Solution File, Format Version 12.00
# Visual Studio Version 16
VisualStudioVersion = 16.6.30114.105
MinimumVisualStudioVersion = 10.0.40219.1
Project("{2150E333-8FDC-42A3-9474-1A3956D46DE8}") = "src", "src", "{0F74CD7E-A282-4B60-843D-A793303B4711}"
EndProject
Project("{9A19103F-16F7-4668-BE54-9A1E7A4F7556}") = "Dii_TheaterManagement_Bff", "src\Dii_TheaterManagement_Bff\Dii_TheaterManagement_Bff.csproj", "{9377B9BF-2033-4C0C-898A-C60D92C1EC50}"
EndProject
Project("{2150E333-8FDC-42A3-9474-1A3956D46DE8}") = "tobenuget", "tobenuget", "{93F9747A-ECD2-437A-AE32-DDEAE9B51438}"
EndProject
Project("{9A19103F-16F7-4668-BE54-9A1E7A4F7556}") = "Common", "tobenuget\Common\Common.csproj", "{E8E7EA16-50CE-498B-9FF7-BF9E0B1D5B73}"
EndProject
Project("{2150E333-8FDC-42A3-9474-1A3956D46DE8}") = "test", "test", "{8368BAAD-81BA-4725-AEB9-7442FDD6CF7D}"
EndProject
Project("{9A19103F-16F7-4668-BE54-9A1E7A4F7556}") = "Dii_TheaterManagement_Bff.Unit.Tests", "test\Dii_TheaterManagement_Bff.Unit.Tests\Dii_TheaterManagement_Bff.Unit.Tests.csproj", "{73C3542F-5344-4634-93B8-D1FBEF40D60C}"
EndProject
Project("{9A19103F-16F7-4668-BE54-9A1E7A4F7556}") = "Dii_TheaterManagement_Bff.PactConsumer.Tests", "test\Dii_TheaterManagement_Bff.PactConsumer.Tests\Dii_TheaterManagement_Bff.PactConsumer.Tests.csproj", "{A7E01986-C969-4E6A-AD57-4E6CA514B64C}"
EndProject
Project("{9A19103F-16F7-4668-BE54-9A1E7A4F7556}") = "Dii_TheaterManagement_Bff.PactProvider.Tests", "test\Dii_TheaterManagement_Bff.PactProvider.Tests\Dii_TheaterManagement_Bff.PactProvider.Tests.csproj", "{B09ECC90-FE09-423B-994B-790ACCFAD81D}"
EndProject
Project("{9A19103F-16F7-4668-BE54-9A1E7A4F7556}") = "Dii_TheaterManagement_Bff.Acceptance.Tests", "test\Dii_TheaterManagement_Bff.Acceptance.Tests\Dii_TheaterManagement_Bff.Acceptance.Tests.csproj", "{5C7BD52D-9ACB-4736-A235-4160C42BF6B3}"
EndProject
Project("{2150E333-8FDC-42A3-9474-1A3956D46DE8}") = "fake", "fake", "{58AD1D51-2425-460E-B2E7-415D2C4CD301}"
EndProject
Project("{9A19103F-16F7-4668-BE54-9A1E7A4F7556}") = "Dii_OrderingSvc.Fake", "fake\Dii_OrderingSvc.Fake\Dii_OrderingSvc.Fake.csproj", "{0CB3C34F-87FE-40DC-AA05-D7F028571343}"
EndProject
Project("{9A19103F-16F7-4668-BE54-9A1E7A4F7556}") = "Dii_MovieCatalogSvc.Fake", "fake\Dii_MovieCatalogSvc.Fake\Dii_MovieCatalogSvc.Fake.csproj", "{E5C8CF0B-B9A3-455B-B146-E04AC888A313}"
EndProject
Project("{E53339B2-1760-4266-BCC7-CA923CBCF16C}") = "docker-compose", "docker-compose.dcproj", "{BAFFB460-6725-4526-BC0D-0C6FB054C303}"
EndProject
Project("{FAE04EC0-301F-11D3-BF4B-00C04F79EFBC}") = "Common.Unit.Tests", "test\Common.Unit.Tests\Common.Unit.Tests.csproj", "{F64C7EB1-E14E-4A77-BAE6-296DDA9FF696}"
EndProject
Global
	GlobalSection(SolutionConfigurationPlatforms) = preSolution
		Debug|Any CPU = Debug|Any CPU
		Debug|x64 = Debug|x64
		Debug|x86 = Debug|x86
		Release|Any CPU = Release|Any CPU
		Release|x64 = Release|x64
		Release|x86 = Release|x86
	EndGlobalSection
	GlobalSection(ProjectConfigurationPlatforms) = postSolution
		{9377B9BF-2033-4C0C-898A-C60D92C1EC50}.Debug|Any CPU.ActiveCfg = Debug|Any CPU
		{9377B9BF-2033-4C0C-898A-C60D92C1EC50}.Debug|Any CPU.Build.0 = Debug|Any CPU
		{9377B9BF-2033-4C0C-898A-C60D92C1EC50}.Debug|x64.ActiveCfg = Debug|Any CPU
		{9377B9BF-2033-4C0C-898A-C60D92C1EC50}.Debug|x64.Build.0 = Debug|Any CPU
		{9377B9BF-2033-4C0C-898A-C60D92C1EC50}.Debug|x86.ActiveCfg = Debug|Any CPU
		{9377B9BF-2033-4C0C-898A-C60D92C1EC50}.Debug|x86.Build.0 = Debug|Any CPU
		{9377B9BF-2033-4C0C-898A-C60D92C1EC50}.Release|Any CPU.ActiveCfg = Release|Any CPU
		{9377B9BF-2033-4C0C-898A-C60D92C1EC50}.Release|Any CPU.Build.0 = Release|Any CPU
		{9377B9BF-2033-4C0C-898A-C60D92C1EC50}.Release|x64.ActiveCfg = Release|Any CPU
		{9377B9BF-2033-4C0C-898A-C60D92C1EC50}.Release|x64.Build.0 = Release|Any CPU
		{9377B9BF-2033-4C0C-898A-C60D92C1EC50}.Release|x86.ActiveCfg = Release|Any CPU
		{9377B9BF-2033-4C0C-898A-C60D92C1EC50}.Release|x86.Build.0 = Release|Any CPU
		{E8E7EA16-50CE-498B-9FF7-BF9E0B1D5B73}.Debug|Any CPU.ActiveCfg = Debug|Any CPU
		{E8E7EA16-50CE-498B-9FF7-BF9E0B1D5B73}.Debug|Any CPU.Build.0 = Debug|Any CPU
		{E8E7EA16-50CE-498B-9FF7-BF9E0B1D5B73}.Debug|x64.ActiveCfg = Debug|Any CPU
		{E8E7EA16-50CE-498B-9FF7-BF9E0B1D5B73}.Debug|x64.Build.0 = Debug|Any CPU
		{E8E7EA16-50CE-498B-9FF7-BF9E0B1D5B73}.Debug|x86.ActiveCfg = Debug|Any CPU
		{E8E7EA16-50CE-498B-9FF7-BF9E0B1D5B73}.Debug|x86.Build.0 = Debug|Any CPU
		{E8E7EA16-50CE-498B-9FF7-BF9E0B1D5B73}.Release|Any CPU.ActiveCfg = Release|Any CPU
		{E8E7EA16-50CE-498B-9FF7-BF9E0B1D5B73}.Release|Any CPU.Build.0 = Release|Any CPU
		{E8E7EA16-50CE-498B-9FF7-BF9E0B1D5B73}.Release|x64.ActiveCfg = Release|Any CPU
		{E8E7EA16-50CE-498B-9FF7-BF9E0B1D5B73}.Release|x64.Build.0 = Release|Any CPU
		{E8E7EA16-50CE-498B-9FF7-BF9E0B1D5B73}.Release|x86.ActiveCfg = Release|Any CPU
		{E8E7EA16-50CE-498B-9FF7-BF9E0B1D5B73}.Release|x86.Build.0 = Release|Any CPU
		{73C3542F-5344-4634-93B8-D1FBEF40D60C}.Debug|Any CPU.ActiveCfg = Debug|Any CPU
		{73C3542F-5344-4634-93B8-D1FBEF40D60C}.Debug|Any CPU.Build.0 = Debug|Any CPU
		{73C3542F-5344-4634-93B8-D1FBEF40D60C}.Debug|x64.ActiveCfg = Debug|Any CPU
		{73C3542F-5344-4634-93B8-D1FBEF40D60C}.Debug|x64.Build.0 = Debug|Any CPU
		{73C3542F-5344-4634-93B8-D1FBEF40D60C}.Debug|x86.ActiveCfg = Debug|Any CPU
		{73C3542F-5344-4634-93B8-D1FBEF40D60C}.Debug|x86.Build.0 = Debug|Any CPU
		{73C3542F-5344-4634-93B8-D1FBEF40D60C}.Release|Any CPU.ActiveCfg = Release|Any CPU
		{73C3542F-5344-4634-93B8-D1FBEF40D60C}.Release|Any CPU.Build.0 = Release|Any CPU
		{73C3542F-5344-4634-93B8-D1FBEF40D60C}.Release|x64.ActiveCfg = Release|Any CPU
		{73C3542F-5344-4634-93B8-D1FBEF40D60C}.Release|x64.Build.0 = Release|Any CPU
		{73C3542F-5344-4634-93B8-D1FBEF40D60C}.Release|x86.ActiveCfg = Release|Any CPU
		{73C3542F-5344-4634-93B8-D1FBEF40D60C}.Release|x86.Build.0 = Release|Any CPU
		{A7E01986-C969-4E6A-AD57-4E6CA514B64C}.Debug|Any CPU.ActiveCfg = Debug|Any CPU
		{A7E01986-C969-4E6A-AD57-4E6CA514B64C}.Debug|Any CPU.Build.0 = Debug|Any CPU
		{A7E01986-C969-4E6A-AD57-4E6CA514B64C}.Debug|x64.ActiveCfg = Debug|Any CPU
		{A7E01986-C969-4E6A-AD57-4E6CA514B64C}.Debug|x64.Build.0 = Debug|Any CPU
		{A7E01986-C969-4E6A-AD57-4E6CA514B64C}.Debug|x86.ActiveCfg = Debug|Any CPU
		{A7E01986-C969-4E6A-AD57-4E6CA514B64C}.Debug|x86.Build.0 = Debug|Any CPU
		{A7E01986-C969-4E6A-AD57-4E6CA514B64C}.Release|Any CPU.ActiveCfg = Release|Any CPU
		{A7E01986-C969-4E6A-AD57-4E6CA514B64C}.Release|Any CPU.Build.0 = Release|Any CPU
		{A7E01986-C969-4E6A-AD57-4E6CA514B64C}.Release|x64.ActiveCfg = Release|Any CPU
		{A7E01986-C969-4E6A-AD57-4E6CA514B64C}.Release|x64.Build.0 = Release|Any CPU
		{A7E01986-C969-4E6A-AD57-4E6CA514B64C}.Release|x86.ActiveCfg = Release|Any CPU
		{A7E01986-C969-4E6A-AD57-4E6CA514B64C}.Release|x86.Build.0 = Release|Any CPU
		{B09ECC90-FE09-423B-994B-790ACCFAD81D}.Debug|Any CPU.ActiveCfg = Debug|Any CPU
		{B09ECC90-FE09-423B-994B-790ACCFAD81D}.Debug|Any CPU.Build.0 = Debug|Any CPU
		{B09ECC90-FE09-423B-994B-790ACCFAD81D}.Debug|x64.ActiveCfg = Debug|Any CPU
		{B09ECC90-FE09-423B-994B-790ACCFAD81D}.Debug|x64.Build.0 = Debug|Any CPU
		{B09ECC90-FE09-423B-994B-790ACCFAD81D}.Debug|x86.ActiveCfg = Debug|Any CPU
		{B09ECC90-FE09-423B-994B-790ACCFAD81D}.Debug|x86.Build.0 = Debug|Any CPU
		{B09ECC90-FE09-423B-994B-790ACCFAD81D}.Release|Any CPU.ActiveCfg = Release|Any CPU
		{B09ECC90-FE09-423B-994B-790ACCFAD81D}.Release|Any CPU.Build.0 = Release|Any CPU
		{B09ECC90-FE09-423B-994B-790ACCFAD81D}.Release|x64.ActiveCfg = Release|Any CPU
		{B09ECC90-FE09-423B-994B-790ACCFAD81D}.Release|x64.Build.0 = Release|Any CPU
		{B09ECC90-FE09-423B-994B-790ACCFAD81D}.Release|x86.ActiveCfg = Release|Any CPU
		{B09ECC90-FE09-423B-994B-790ACCFAD81D}.Release|x86.Build.0 = Release|Any CPU
		{5C7BD52D-9ACB-4736-A235-4160C42BF6B3}.Debug|Any CPU.ActiveCfg = Debug|Any CPU
		{5C7BD52D-9ACB-4736-A235-4160C42BF6B3}.Debug|Any CPU.Build.0 = Debug|Any CPU
		{5C7BD52D-9ACB-4736-A235-4160C42BF6B3}.Debug|x64.ActiveCfg = Debug|Any CPU
		{5C7BD52D-9ACB-4736-A235-4160C42BF6B3}.Debug|x64.Build.0 = Debug|Any CPU
		{5C7BD52D-9ACB-4736-A235-4160C42BF6B3}.Debug|x86.ActiveCfg = Debug|Any CPU
		{5C7BD52D-9ACB-4736-A235-4160C42BF6B3}.Debug|x86.Build.0 = Debug|Any CPU
		{5C7BD52D-9ACB-4736-A235-4160C42BF6B3}.Release|Any CPU.ActiveCfg = Release|Any CPU
		{5C7BD52D-9ACB-4736-A235-4160C42BF6B3}.Release|Any CPU.Build.0 = Release|Any CPU
		{5C7BD52D-9ACB-4736-A235-4160C42BF6B3}.Release|x64.ActiveCfg = Release|Any CPU
		{5C7BD52D-9ACB-4736-A235-4160C42BF6B3}.Release|x64.Build.0 = Release|Any CPU
		{5C7BD52D-9ACB-4736-A235-4160C42BF6B3}.Release|x86.ActiveCfg = Release|Any CPU
		{5C7BD52D-9ACB-4736-A235-4160C42BF6B3}.Release|x86.Build.0 = Release|Any CPU
		{0CB3C34F-87FE-40DC-AA05-D7F028571343}.Debug|Any CPU.ActiveCfg = Debug|Any CPU
		{0CB3C34F-87FE-40DC-AA05-D7F028571343}.Debug|Any CPU.Build.0 = Debug|Any CPU
		{0CB3C34F-87FE-40DC-AA05-D7F028571343}.Debug|x64.ActiveCfg = Debug|Any CPU
		{0CB3C34F-87FE-40DC-AA05-D7F028571343}.Debug|x64.Build.0 = Debug|Any CPU
		{0CB3C34F-87FE-40DC-AA05-D7F028571343}.Debug|x86.ActiveCfg = Debug|Any CPU
		{0CB3C34F-87FE-40DC-AA05-D7F028571343}.Debug|x86.Build.0 = Debug|Any CPU
		{0CB3C34F-87FE-40DC-AA05-D7F028571343}.Release|Any CPU.ActiveCfg = Release|Any CPU
		{0CB3C34F-87FE-40DC-AA05-D7F028571343}.Release|Any CPU.Build.0 = Release|Any CPU
		{0CB3C34F-87FE-40DC-AA05-D7F028571343}.Release|x64.ActiveCfg = Release|Any CPU
		{0CB3C34F-87FE-40DC-AA05-D7F028571343}.Release|x64.Build.0 = Release|Any CPU
		{0CB3C34F-87FE-40DC-AA05-D7F028571343}.Release|x86.ActiveCfg = Release|Any CPU
		{0CB3C34F-87FE-40DC-AA05-D7F028571343}.Release|x86.Build.0 = Release|Any CPU
		{E5C8CF0B-B9A3-455B-B146-E04AC888A313}.Debug|Any CPU.ActiveCfg = Debug|Any CPU
		{E5C8CF0B-B9A3-455B-B146-E04AC888A313}.Debug|Any CPU.Build.0 = Debug|Any CPU
		{E5C8CF0B-B9A3-455B-B146-E04AC888A313}.Debug|x64.ActiveCfg = Debug|Any CPU
		{E5C8CF0B-B9A3-455B-B146-E04AC888A313}.Debug|x64.Build.0 = Debug|Any CPU
		{E5C8CF0B-B9A3-455B-B146-E04AC888A313}.Debug|x86.ActiveCfg = Debug|Any CPU
		{E5C8CF0B-B9A3-455B-B146-E04AC888A313}.Debug|x86.Build.0 = Debug|Any CPU
		{E5C8CF0B-B9A3-455B-B146-E04AC888A313}.Release|Any CPU.ActiveCfg = Release|Any CPU
		{E5C8CF0B-B9A3-455B-B146-E04AC888A313}.Release|Any CPU.Build.0 = Release|Any CPU
		{E5C8CF0B-B9A3-455B-B146-E04AC888A313}.Release|x64.ActiveCfg = Release|Any CPU
		{E5C8CF0B-B9A3-455B-B146-E04AC888A313}.Release|x64.Build.0 = Release|Any CPU
		{E5C8CF0B-B9A3-455B-B146-E04AC888A313}.Release|x86.ActiveCfg = Release|Any CPU
		{E5C8CF0B-B9A3-455B-B146-E04AC888A313}.Release|x86.Build.0 = Release|Any CPU
		{BAFFB460-6725-4526-BC0D-0C6FB054C303}.Debug|Any CPU.ActiveCfg = Debug|Any CPU
		{BAFFB460-6725-4526-BC0D-0C6FB054C303}.Debug|Any CPU.Build.0 = Debug|Any CPU
		{BAFFB460-6725-4526-BC0D-0C6FB054C303}.Debug|x64.ActiveCfg = Debug|Any CPU
		{BAFFB460-6725-4526-BC0D-0C6FB054C303}.Debug|x64.Build.0 = Debug|Any CPU
		{BAFFB460-6725-4526-BC0D-0C6FB054C303}.Debug|x86.ActiveCfg = Debug|Any CPU
		{BAFFB460-6725-4526-BC0D-0C6FB054C303}.Debug|x86.Build.0 = Debug|Any CPU
		{BAFFB460-6725-4526-BC0D-0C6FB054C303}.Release|Any CPU.ActiveCfg = Release|Any CPU
		{BAFFB460-6725-4526-BC0D-0C6FB054C303}.Release|Any CPU.Build.0 = Release|Any CPU
		{BAFFB460-6725-4526-BC0D-0C6FB054C303}.Release|x64.ActiveCfg = Release|Any CPU
		{BAFFB460-6725-4526-BC0D-0C6FB054C303}.Release|x64.Build.0 = Release|Any CPU
		{BAFFB460-6725-4526-BC0D-0C6FB054C303}.Release|x86.ActiveCfg = Release|Any CPU
		{BAFFB460-6725-4526-BC0D-0C6FB054C303}.Release|x86.Build.0 = Release|Any CPU
		{F64C7EB1-E14E-4A77-BAE6-296DDA9FF696}.Debug|Any CPU.ActiveCfg = Debug|Any CPU
		{F64C7EB1-E14E-4A77-BAE6-296DDA9FF696}.Debug|Any CPU.Build.0 = Debug|Any CPU
		{F64C7EB1-E14E-4A77-BAE6-296DDA9FF696}.Debug|x64.ActiveCfg = Debug|Any CPU
		{F64C7EB1-E14E-4A77-BAE6-296DDA9FF696}.Debug|x64.Build.0 = Debug|Any CPU
		{F64C7EB1-E14E-4A77-BAE6-296DDA9FF696}.Debug|x86.ActiveCfg = Debug|Any CPU
		{F64C7EB1-E14E-4A77-BAE6-296DDA9FF696}.Debug|x86.Build.0 = Debug|Any CPU
		{F64C7EB1-E14E-4A77-BAE6-296DDA9FF696}.Release|Any CPU.ActiveCfg = Release|Any CPU
		{F64C7EB1-E14E-4A77-BAE6-296DDA9FF696}.Release|Any CPU.Build.0 = Release|Any CPU
		{F64C7EB1-E14E-4A77-BAE6-296DDA9FF696}.Release|x64.ActiveCfg = Release|Any CPU
		{F64C7EB1-E14E-4A77-BAE6-296DDA9FF696}.Release|x64.Build.0 = Release|Any CPU
		{F64C7EB1-E14E-4A77-BAE6-296DDA9FF696}.Release|x86.ActiveCfg = Release|Any CPU
		{F64C7EB1-E14E-4A77-BAE6-296DDA9FF696}.Release|x86.Build.0 = Release|Any CPU
	EndGlobalSection
	GlobalSection(SolutionProperties) = preSolution
		HideSolutionNode = FALSE
	EndGlobalSection
	GlobalSection(NestedProjects) = preSolution
		{9377B9BF-2033-4C0C-898A-C60D92C1EC50} = {0F74CD7E-A282-4B60-843D-A793303B4711}
		{E8E7EA16-50CE-498B-9FF7-BF9E0B1D5B73} = {93F9747A-ECD2-437A-AE32-DDEAE9B51438}
		{73C3542F-5344-4634-93B8-D1FBEF40D60C} = {8368BAAD-81BA-4725-AEB9-7442FDD6CF7D}
		{A7E01986-C969-4E6A-AD57-4E6CA514B64C} = {8368BAAD-81BA-4725-AEB9-7442FDD6CF7D}
		{B09ECC90-FE09-423B-994B-790ACCFAD81D} = {8368BAAD-81BA-4725-AEB9-7442FDD6CF7D}
		{5C7BD52D-9ACB-4736-A235-4160C42BF6B3} = {8368BAAD-81BA-4725-AEB9-7442FDD6CF7D}
		{0CB3C34F-87FE-40DC-AA05-D7F028571343} = {58AD1D51-2425-460E-B2E7-415D2C4CD301}
		{E5C8CF0B-B9A3-455B-B146-E04AC888A313} = {58AD1D51-2425-460E-B2E7-415D2C4CD301}
		{F64C7EB1-E14E-4A77-BAE6-296DDA9FF696} = {8368BAAD-81BA-4725-AEB9-7442FDD6CF7D}
	EndGlobalSection
	GlobalSection(ExtensibilityGlobals) = postSolution
		SolutionGuid = {34E30F6E-B5C3-4551-ADBE-B32BED7CF89B}
	EndGlobalSection
EndGlobal
